
Microsoft Visual Studio Solution File, Format Version 11.00
# Visual Studio 2010
Project("{FAE04EC0-301F-11D3-BF4B-00C04F79EFBC}") = "testingrecieve", "testingrecieve\testingrecieve.csproj", "{146218A7-821E-420F-B9B6-2ACA00E207BF}"
EndProject
Global
	GlobalSection(SolutionConfigurationPlatforms) = preSolution
		Debug|Any CPU = Debug|Any CPU
		Release|Any CPU = Release|Any CPU
	EndGlobalSection
	GlobalSection(ProjectConfigurationPlatforms) = postSolution
		{146218A7-821E-420F-B9B6-2ACA00E207BF}.Debug|Any CPU.ActiveCfg = Debug|Any CPU
		{146218A7-821E-420F-B9B6-2ACA00E207BF}.Debug|Any CPU.Build.0 = Debug|Any CPU
		{146218A7-821E-420F-B9B6-2ACA00E207BF}.Release|Any CPU.ActiveCfg = Release|Any CPU
		{146218A7-821E-420F-B9B6-2ACA00E207BF}.Release|Any CPU.Build.0 = Release|Any CPU
	EndGlobalSection
	GlobalSection(SolutionProperties) = preSolution
		HideSolutionNode = FALSE
	EndGlobalSection
EndGlobal
